{
	"name": "kalkbreite-com",
	"version": "1.0.0",
	"lockfileVersion": 2,
	"requires": true,
	"packages": {
		"": {
			"name": "kalkbreite-com",
			"version": "1.0.0",
			"dependencies": {
				"@packtrack/layout": "^1.6.7",
				"@packtrack/protocol": "^1.8.1",
				"@packtrack/train": "^2.2.1"
			}
		},
		"node_modules/@packtrack/layout": {
			"version": "1.6.7",
			"resolved": "https://registry.npmjs.org/@packtrack/layout/-/layout-1.6.7.tgz",
			"integrity": "sha512-gLYPIUMfE0GbBPF6MJVj2wt9FwBP9wjN+TYIoQHan09Mbvsnt2Um/jfa3ka8JQ25UOThqnMrwhTjvqPlt72U7A=="
		},
		"node_modules/@packtrack/protocol": {
			"version": "1.8.1",
			"resolved": "https://registry.npmjs.org/@packtrack/protocol/-/protocol-1.8.1.tgz",
			"integrity": "sha512-Jbs4nJMuDTgJ/JZ4LlDsZyslFJ6jxco4Wlo/Gik8wz2N7kwct7eBFIWGdDTcRqsuoaSRVWzDEgv5EOYaws5Zyg=="
		},
		"node_modules/@packtrack/train": {
			"version": "2.2.1",
			"resolved": "https://registry.npmjs.org/@packtrack/train/-/train-2.2.1.tgz",
			"integrity": "sha512-GalEVs9RwGa8t3xGWUhYdVQjWKjJ5Dydu/u3Y2JmvuVjsh24c15nq+zQ42KPq/OOvvajIcj957eOHJPWXUfx/Q==",
			"dependencies": {
				"@packtrack/layout": "^1.3.1"
			}
		}
	},
	"dependencies": {
		"@packtrack/layout": {
			"version": "1.6.7",
			"resolved": "https://registry.npmjs.org/@packtrack/layout/-/layout-1.6.7.tgz",
			"integrity": "sha512-gLYPIUMfE0GbBPF6MJVj2wt9FwBP9wjN+TYIoQHan09Mbvsnt2Um/jfa3ka8JQ25UOThqnMrwhTjvqPlt72U7A=="
		},
		"@packtrack/protocol": {
			"version": "1.8.1",
			"resolved": "https://registry.npmjs.org/@packtrack/protocol/-/protocol-1.8.1.tgz",
			"integrity": "sha512-Jbs4nJMuDTgJ/JZ4LlDsZyslFJ6jxco4Wlo/Gik8wz2N7kwct7eBFIWGdDTcRqsuoaSRVWzDEgv5EOYaws5Zyg=="
		},
		"@packtrack/train": {
			"version": "2.2.1",
			"resolved": "https://registry.npmjs.org/@packtrack/train/-/train-2.2.1.tgz",
			"integrity": "sha512-GalEVs9RwGa8t3xGWUhYdVQjWKjJ5Dydu/u3Y2JmvuVjsh24c15nq+zQ42KPq/OOvvajIcj957eOHJPWXUfx/Q==",
			"requires": {
				"@packtrack/layout": "^1.3.1"
			}
		}
	}
}
