{
	"name": "kalkbreite-com",
	"version": "1.0.0",
	"lockfileVersion": 2,
	"requires": true,
	"packages": {
		"": {
			"name": "kalkbreite-com",
			"version": "1.0.0",
			"dependencies": {
				"@packtrack/layout": "^1.6.9",
				"@packtrack/protocol": "^1.8.1",
				"@packtrack/train": "^2.2.2"
			}
		},
		"node_modules/@packtrack/layout": {
			"version": "1.6.9",
			"resolved": "https://registry.npmjs.org/@packtrack/layout/-/layout-1.6.9.tgz",
			"integrity": "sha512-BX/5ofgyINGkzbn6tI7s7TB5ZSmys5BQtWVlomv07l4c2OLtTpX8y8uHLa/y/qqQ/MaQGWWQypuVh+0j4T2Hcw=="
		},
		"node_modules/@packtrack/protocol": {
			"version": "1.8.1",
			"resolved": "https://registry.npmjs.org/@packtrack/protocol/-/protocol-1.8.1.tgz",
			"integrity": "sha512-Jbs4nJMuDTgJ/JZ4LlDsZyslFJ6jxco4Wlo/Gik8wz2N7kwct7eBFIWGdDTcRqsuoaSRVWzDEgv5EOYaws5Zyg=="
		},
		"node_modules/@packtrack/train": {
			"version": "2.2.2",
			"resolved": "https://registry.npmjs.org/@packtrack/train/-/train-2.2.2.tgz",
			"integrity": "sha512-85KFfpZTXJbVhbhdF4GYwq3Lk3vnQelBt4VQMkZ27jM6pRMot9AGPb0u3XPO4JruxtSY5bQzQJbkVz4qdfSYYQ==",
			"dependencies": {
				"@packtrack/layout": "^1.3.1"
			}
		}
	},
	"dependencies": {
		"@packtrack/layout": {
			"version": "1.6.9",
			"resolved": "https://registry.npmjs.org/@packtrack/layout/-/layout-1.6.9.tgz",
			"integrity": "sha512-BX/5ofgyINGkzbn6tI7s7TB5ZSmys5BQtWVlomv07l4c2OLtTpX8y8uHLa/y/qqQ/MaQGWWQypuVh+0j4T2Hcw=="
		},
		"@packtrack/protocol": {
			"version": "1.8.1",
			"resolved": "https://registry.npmjs.org/@packtrack/protocol/-/protocol-1.8.1.tgz",
			"integrity": "sha512-Jbs4nJMuDTgJ/JZ4LlDsZyslFJ6jxco4Wlo/Gik8wz2N7kwct7eBFIWGdDTcRqsuoaSRVWzDEgv5EOYaws5Zyg=="
		},
		"@packtrack/train": {
			"version": "2.2.2",
			"resolved": "https://registry.npmjs.org/@packtrack/train/-/train-2.2.2.tgz",
			"integrity": "sha512-85KFfpZTXJbVhbhdF4GYwq3Lk3vnQelBt4VQMkZ27jM6pRMot9AGPb0u3XPO4JruxtSY5bQzQJbkVz4qdfSYYQ==",
			"requires": {
				"@packtrack/layout": "^1.3.1"
			}
		}
	}
}
